{
  "name": "ihm-voiture-utac",
  "version": "0.0.1",
  "lockfileVersion": 3,
  "requires": true,
  "packages": {
    "": {
      "name": "ihm-voiture-utac",
      "version": "0.0.1",
      "devDependencies": {
        "@foxglove/extension": "^2.52.0"
      }
    },
    "node_modules/@foxglove/extension": {
      "version": "2.52.0",
      "resolved": "https://registry.npmjs.org/@foxglove/extension/-/extension-2.52.0.tgz",
      "integrity": "sha512-ejprl39g9zfz3oOhWmyPr0Fs/6B5/i40rMw9/9gsC/Ae58DQhINbSce4QV4UTEBgzww4SZXJvpkRzFC6Q8jW6g==",
      "dev": true,
      "license": "MIT"
    }
  }
}
